{
  "name": "azam_pay",
  "version": "1.0.0",
  "lockfileVersion": 3,
  "requires": true,
  "packages": {
    "": {
      "name": "azam_pay",
      "version": "1.0.0",
      "license": "ISC",
      "dependencies": {
        "azampay": "^0.0.4"
      }
    },
    "node_modules/azampay": {
      "version": "0.0.4",
      "resolved": "https://registry.npmjs.org/azampay/-/azampay-0.0.4.tgz",
      "integrity": "sha512-gWEV8g/NPzeqIN0lnHDsezDuWOlkhZS9TiUCo8iRgsa6kiua4iQUXnlZZwRz2vSVCiekjjQzbv1ioMcqt/rykA==",
      "engines": {
        "node": ">=12.0"
      }
    }
  }
}
